
Microsoft Visual Studio Solution File, Format Version 12.00
# Visual Studio Version 16
VisualStudioVersion = 16.0.810.21
MinimumVisualStudioVersion = 10.0.40219.1
Project("{FAE04EC0-301F-11D3-BF4B-00C04F79EFBC}") = "net-core-example", "net-core-example\net-core-example.csproj", "{51E4BF8C-D629-4BBC-A0CB-057C77337E03}"
EndProject
Global
	GlobalSection(SolutionConfigurationPlatforms) = preSolution
		Debug|Any CPU = Debug|Any CPU
		Release|Any CPU = Release|Any CPU
	EndGlobalSection
	GlobalSection(ProjectConfigurationPlatforms) = postSolution
		{51E4BF8C-D629-4BBC-A0CB-057C77337E03}.Debug|Any CPU.ActiveCfg = Debug|Any CPU
		{51E4BF8C-D629-4BBC-A0CB-057C77337E03}.Debug|Any CPU.Build.0 = Debug|Any CPU
		{51E4BF8C-D629-4BBC-A0CB-057C77337E03}.Release|Any CPU.ActiveCfg = Release|Any CPU
		{51E4BF8C-D629-4BBC-A0CB-057C77337E03}.Release|Any CPU.Build.0 = Release|Any CPU
	EndGlobalSection
	GlobalSection(SolutionProperties) = preSolution
		HideSolutionNode = FALSE
	EndGlobalSection
	GlobalSection(ExtensibilityGlobals) = postSolution
		SolutionGuid = {A797AFBD-FD76-4578-85B0-8C1402FBBAFC}
	EndGlobalSection
EndGlobal
